
Microsoft Visual Studio Solution File, Format Version 12.00
# Visual Studio 15
VisualStudioVersion = 15.0.28307.168
MinimumVisualStudioVersion = 10.0.40219.1
Project("{2150E333-8FDC-42A3-9474-1A3956D46DE8}") = "Tests", "Tests", "{F08EB1E4-F11C-42CE-8E60-38BFFA352509}"
EndProject
Project("{FAE04EC0-301F-11D3-BF4B-00C04F79EFBC}") = "LibraryTests", "LibraryTests\LibraryTests.csproj", "{39216363-BB5B-4C44-9AE7-81274831EAA4}"
EndProject
Project("{FAE04EC0-301F-11D3-BF4B-00C04F79EFBC}") = "Core.Modules.Web.Sitemap", "Core.Modules.Web.Sitemap\Core.Modules.Web.Sitemap.csproj", "{62FC3158-616D-435F-99EB-586200816DEA}"
EndProject
Global
	GlobalSection(SolutionConfigurationPlatforms) = preSolution
		Build|Any CPU = Build|Any CPU
		Debug|Any CPU = Debug|Any CPU
		Develop|Any CPU = Develop|Any CPU
		Release|Any CPU = Release|Any CPU
		Test|Any CPU = Test|Any CPU
	EndGlobalSection
	GlobalSection(ProjectConfigurationPlatforms) = postSolution
		{39216363-BB5B-4C44-9AE7-81274831EAA4}.Build|Any CPU.ActiveCfg = Release|Any CPU
		{39216363-BB5B-4C44-9AE7-81274831EAA4}.Build|Any CPU.Build.0 = Release|Any CPU
		{39216363-BB5B-4C44-9AE7-81274831EAA4}.Debug|Any CPU.ActiveCfg = Debug|Any CPU
		{39216363-BB5B-4C44-9AE7-81274831EAA4}.Debug|Any CPU.Build.0 = Debug|Any CPU
		{39216363-BB5B-4C44-9AE7-81274831EAA4}.Develop|Any CPU.ActiveCfg = Debug|Any CPU
		{39216363-BB5B-4C44-9AE7-81274831EAA4}.Develop|Any CPU.Build.0 = Debug|Any CPU
		{39216363-BB5B-4C44-9AE7-81274831EAA4}.Release|Any CPU.ActiveCfg = Release|Any CPU
		{39216363-BB5B-4C44-9AE7-81274831EAA4}.Release|Any CPU.Build.0 = Release|Any CPU
		{39216363-BB5B-4C44-9AE7-81274831EAA4}.Test|Any CPU.ActiveCfg = Release|Any CPU
		{39216363-BB5B-4C44-9AE7-81274831EAA4}.Test|Any CPU.Build.0 = Release|Any CPU
		{62FC3158-616D-435F-99EB-586200816DEA}.Build|Any CPU.ActiveCfg = Build|Any CPU
		{62FC3158-616D-435F-99EB-586200816DEA}.Build|Any CPU.Build.0 = Build|Any CPU
		{62FC3158-616D-435F-99EB-586200816DEA}.Debug|Any CPU.ActiveCfg = Debug|Any CPU
		{62FC3158-616D-435F-99EB-586200816DEA}.Debug|Any CPU.Build.0 = Debug|Any CPU
		{62FC3158-616D-435F-99EB-586200816DEA}.Develop|Any CPU.ActiveCfg = Debug|Any CPU
		{62FC3158-616D-435F-99EB-586200816DEA}.Develop|Any CPU.Build.0 = Debug|Any CPU
		{62FC3158-616D-435F-99EB-586200816DEA}.Release|Any CPU.ActiveCfg = Release|Any CPU
		{62FC3158-616D-435F-99EB-586200816DEA}.Release|Any CPU.Build.0 = Release|Any CPU
		{62FC3158-616D-435F-99EB-586200816DEA}.Test|Any CPU.ActiveCfg = Build|Any CPU
		{62FC3158-616D-435F-99EB-586200816DEA}.Test|Any CPU.Build.0 = Build|Any CPU
	EndGlobalSection
	GlobalSection(SolutionProperties) = preSolution
		HideSolutionNode = FALSE
	EndGlobalSection
	GlobalSection(NestedProjects) = preSolution
		{39216363-BB5B-4C44-9AE7-81274831EAA4} = {F08EB1E4-F11C-42CE-8E60-38BFFA352509}
	EndGlobalSection
	GlobalSection(ExtensibilityGlobals) = postSolution
		SolutionGuid = {BFD78B9A-0A06-44F5-84D9-6E318D38C98D}
	EndGlobalSection
EndGlobal
